{
  "object": {
    "pins": [
      {
        "package": "SwiftUICharts",
        "repositoryURL": "https://github.com/AppPear/ChartView",
        "state": {
          "branch": null,
          "revision": "1e362b9eeaf79d402d010fa81d0cf41d12d3e638",
          "version": "1.4.6"
        }
      }
    ]
  },
  "version": 1
}
